
Microsoft Visual Studio Solution File, Format Version 12.00
# Visual Studio 15
VisualStudioVersion = 15.0.28307.1062
MinimumVisualStudioVersion = 10.0.40219.1
Project("{FAE04EC0-301F-11D3-BF4B-00C04F79EFBC}") = "NewProjectOP2", "NewProject\NewProjectOP2.csproj", "{65E641C7-F332-4AC6-9197-00829773393E}"
EndProject
Global
	GlobalSection(SolutionConfigurationPlatforms) = preSolution
		Debug|Any CPU = Debug|Any CPU
		Release|Any CPU = Release|Any CPU
	EndGlobalSection
	GlobalSection(ProjectConfigurationPlatforms) = postSolution
		{65E641C7-F332-4AC6-9197-00829773393E}.Debug|Any CPU.ActiveCfg = Debug|Any CPU
		{65E641C7-F332-4AC6-9197-00829773393E}.Debug|Any CPU.Build.0 = Debug|Any CPU
		{65E641C7-F332-4AC6-9197-00829773393E}.Release|Any CPU.ActiveCfg = Release|Any CPU
		{65E641C7-F332-4AC6-9197-00829773393E}.Release|Any CPU.Build.0 = Release|Any CPU
	EndGlobalSection
	GlobalSection(SolutionProperties) = preSolution
		HideSolutionNode = FALSE
	EndGlobalSection
	GlobalSection(ExtensibilityGlobals) = postSolution
		SolutionGuid = {68DA1782-47E0-4BFB-997E-0E77E2B2CD1E}
	EndGlobalSection
EndGlobal
